
Microsoft Visual Studio Solution File, Format Version 12.00
# Visual Studio Version 17
VisualStudioVersion = 17.0.31903.59
MinimumVisualStudioVersion = 10.0.40219.1
Project("{FAE04EC0-301F-11D3-BF4B-00C04F79EFBC}") = "Trie", "Trie\Trie.csproj", "{77EA568A-B3D6-4C36-BCEE-6E43087773FA}"
EndProject
Project("{FAE04EC0-301F-11D3-BF4B-00C04F79EFBC}") = "Trie.Tests", "Trie.Tests\Trie.Tests.csproj", "{5651C9FC-0289-4F01-9F90-12879EB4E0C5}"
EndProject
Global
	GlobalSection(SolutionConfigurationPlatforms) = preSolution
		Debug|Any CPU = Debug|Any CPU
		Release|Any CPU = Release|Any CPU
	EndGlobalSection
	GlobalSection(SolutionProperties) = preSolution
		HideSolutionNode = FALSE
	EndGlobalSection
	GlobalSection(ProjectConfigurationPlatforms) = postSolution
		{77EA568A-B3D6-4C36-BCEE-6E43087773FA}.Debug|Any CPU.ActiveCfg = Debug|Any CPU
		{77EA568A-B3D6-4C36-BCEE-6E43087773FA}.Debug|Any CPU.Build.0 = Debug|Any CPU
		{77EA568A-B3D6-4C36-BCEE-6E43087773FA}.Release|Any CPU.ActiveCfg = Release|Any CPU
		{77EA568A-B3D6-4C36-BCEE-6E43087773FA}.Release|Any CPU.Build.0 = Release|Any CPU
		{5651C9FC-0289-4F01-9F90-12879EB4E0C5}.Debug|Any CPU.ActiveCfg = Debug|Any CPU
		{5651C9FC-0289-4F01-9F90-12879EB4E0C5}.Debug|Any CPU.Build.0 = Debug|Any CPU
		{5651C9FC-0289-4F01-9F90-12879EB4E0C5}.Release|Any CPU.ActiveCfg = Release|Any CPU
		{5651C9FC-0289-4F01-9F90-12879EB4E0C5}.Release|Any CPU.Build.0 = Release|Any CPU
	EndGlobalSection
EndGlobal
